
Microsoft Visual Studio Solution File, Format Version 12.00
# Visual Studio Version 17
VisualStudioVersion = 17.0.31919.166
MinimumVisualStudioVersion = 10.0.40219.1
Project("{9A19103F-16F7-4668-BE54-9A1E7A4F7556}") = "Day1", "Day1\Day1.csproj", "{E68F7387-0909-42FA-A480-C39BF37CA6A2}"
EndProject
Project("{9A19103F-16F7-4668-BE54-9A1E7A4F7556}") = "Shared", "Shared\Shared.csproj", "{3440876C-680F-431F-89A5-46F4F8FFEE87}"
EndProject
Project("{9A19103F-16F7-4668-BE54-9A1E7A4F7556}") = "Day2", "Day2\Day2.csproj", "{029F0A55-DB0F-4EFD-87F3-966F10700F72}"
EndProject
Project("{FAE04EC0-301F-11D3-BF4B-00C04F79EFBC}") = "Day3", "Day3\Day3.csproj", "{442206A0-4DCF-42DD-A477-7C299121ACCD}"
EndProject
Global
	GlobalSection(SolutionConfigurationPlatforms) = preSolution
		Debug|Any CPU = Debug|Any CPU
		Release|Any CPU = Release|Any CPU
	EndGlobalSection
	GlobalSection(ProjectConfigurationPlatforms) = postSolution
		{E68F7387-0909-42FA-A480-C39BF37CA6A2}.Debug|Any CPU.ActiveCfg = Debug|Any CPU
		{E68F7387-0909-42FA-A480-C39BF37CA6A2}.Debug|Any CPU.Build.0 = Debug|Any CPU
		{E68F7387-0909-42FA-A480-C39BF37CA6A2}.Release|Any CPU.ActiveCfg = Release|Any CPU
		{E68F7387-0909-42FA-A480-C39BF37CA6A2}.Release|Any CPU.Build.0 = Release|Any CPU
		{3440876C-680F-431F-89A5-46F4F8FFEE87}.Debug|Any CPU.ActiveCfg = Debug|Any CPU
		{3440876C-680F-431F-89A5-46F4F8FFEE87}.Debug|Any CPU.Build.0 = Debug|Any CPU
		{3440876C-680F-431F-89A5-46F4F8FFEE87}.Release|Any CPU.ActiveCfg = Release|Any CPU
		{3440876C-680F-431F-89A5-46F4F8FFEE87}.Release|Any CPU.Build.0 = Release|Any CPU
		{029F0A55-DB0F-4EFD-87F3-966F10700F72}.Debug|Any CPU.ActiveCfg = Debug|Any CPU
		{029F0A55-DB0F-4EFD-87F3-966F10700F72}.Debug|Any CPU.Build.0 = Debug|Any CPU
		{029F0A55-DB0F-4EFD-87F3-966F10700F72}.Release|Any CPU.ActiveCfg = Release|Any CPU
		{029F0A55-DB0F-4EFD-87F3-966F10700F72}.Release|Any CPU.Build.0 = Release|Any CPU
		{442206A0-4DCF-42DD-A477-7C299121ACCD}.Debug|Any CPU.ActiveCfg = Debug|Any CPU
		{442206A0-4DCF-42DD-A477-7C299121ACCD}.Debug|Any CPU.Build.0 = Debug|Any CPU
		{442206A0-4DCF-42DD-A477-7C299121ACCD}.Release|Any CPU.ActiveCfg = Release|Any CPU
		{442206A0-4DCF-42DD-A477-7C299121ACCD}.Release|Any CPU.Build.0 = Release|Any CPU
	EndGlobalSection
	GlobalSection(SolutionProperties) = preSolution
		HideSolutionNode = FALSE
	EndGlobalSection
	GlobalSection(ExtensibilityGlobals) = postSolution
		SolutionGuid = {284DA05B-3ADD-4A30-B375-1A30B63CC0CE}
	EndGlobalSection
EndGlobal
